
Microsoft Visual Studio Solution File, Format Version 11.00
# Visual Studio 2010
Project("{FAE04EC0-301F-11D3-BF4B-00C04F79EFBC}") = "Assembly-CSharp", "Assembly-CSharp.csproj", "{3ff76392-3999-8291-b341-d2c16cc96a23}"
EndProject
Project("{FAE04EC0-301F-11D3-BF4B-00C04F79EFBC}") = "Assembly-CSharp-Editor", "Assembly-CSharp-Editor.csproj", "{1f51e861-0fab-c0bd-19d5-b3ef834a9935}"
EndProject
Global
	GlobalSection(SolutionConfigurationPlatforms) = preSolution
		Debug|Any CPU = Debug|Any CPU
	EndGlobalSection
	GlobalSection(ProjectConfigurationPlatforms) = postSolution
		{3ff76392-3999-8291-b341-d2c16cc96a23}.Debug|Any CPU.ActiveCfg = Debug|Any CPU
		{3ff76392-3999-8291-b341-d2c16cc96a23}.Debug|Any CPU.Build.0 = Debug|Any CPU
		{1f51e861-0fab-c0bd-19d5-b3ef834a9935}.Debug|Any CPU.ActiveCfg = Debug|Any CPU
		{1f51e861-0fab-c0bd-19d5-b3ef834a9935}.Debug|Any CPU.Build.0 = Debug|Any CPU
	EndGlobalSection
	GlobalSection(SolutionProperties) = preSolution
		HideSolutionNode = FALSE
	EndGlobalSection
EndGlobal
