
Microsoft Visual Studio Solution File, Format Version 11.00
# Visual Studio 2010
Project("{FAE04EC0-301F-11D3-BF4B-00C04F79EFBC}") = "Assembly-CSharp", "Assembly-CSharp.csproj", "{58f71c4e-582c-b6cc-37c7-2bfea38d4c5c}"
EndProject
Project("{FAE04EC0-301F-11D3-BF4B-00C04F79EFBC}") = "ControllerSample", "ControllerSample.csproj", "{937c28d4-709b-38eb-218f-79e4b92fe702}"
EndProject
Project("{FAE04EC0-301F-11D3-BF4B-00C04F79EFBC}") = "Assembly-CSharp-Editor", "Assembly-CSharp-Editor.csproj", "{c2ab3c4a-5baa-90c2-9f8a-3abd73ee55f4}"
EndProject
Global
	GlobalSection(SolutionConfigurationPlatforms) = preSolution
		Debug|Any CPU = Debug|Any CPU
	EndGlobalSection
	GlobalSection(ProjectConfigurationPlatforms) = postSolution
		{58f71c4e-582c-b6cc-37c7-2bfea38d4c5c}.Debug|Any CPU.ActiveCfg = Debug|Any CPU
		{58f71c4e-582c-b6cc-37c7-2bfea38d4c5c}.Debug|Any CPU.Build.0 = Debug|Any CPU
		{937c28d4-709b-38eb-218f-79e4b92fe702}.Debug|Any CPU.ActiveCfg = Debug|Any CPU
		{937c28d4-709b-38eb-218f-79e4b92fe702}.Debug|Any CPU.Build.0 = Debug|Any CPU
		{c2ab3c4a-5baa-90c2-9f8a-3abd73ee55f4}.Debug|Any CPU.ActiveCfg = Debug|Any CPU
		{c2ab3c4a-5baa-90c2-9f8a-3abd73ee55f4}.Debug|Any CPU.Build.0 = Debug|Any CPU
	EndGlobalSection
	GlobalSection(SolutionProperties) = preSolution
		HideSolutionNode = FALSE
	EndGlobalSection
EndGlobal
